version = 1
revision = 3
requires-python = ">=3.14"

[[package]]
name = "build"
version = "1.3.0"
source = { registry = "https://pypi.org/simple" }
dependencies = [
    { name = "colorama", marker = "os_name == 'nt'" },
    { name = "packaging" },
    { name = "pyproject-hooks" },
]
sdist = { url = "https://files.pythonhosted.org/packages/25/1c/23e33405a7c9eac261dff640926b8b5adaed6a6eb3e1767d441ed611d0c0/build-1.3.0.tar.gz", hash = "sha256:698edd0ea270bde950f53aed21f3a0135672206f3911e0176261a31e0e07b397", size = 48544, upload-time = "2025-08-01T21:27:09.268Z" }
wheels = [
    { url = "https://files.pythonhosted.org/packages/cb/8c/2b30c12155ad8de0cf641d76a8b396a16d2c36bc6d50b621a62b7c4567c1/build-1.3.0-py3-none-any.whl", hash = "sha256:7145f0b5061ba90a1500d60bd1b13ca0a8a4cebdd0cc16ed8adf1c0e739f43b4", size = 23382, upload-time = "2025-08-01T21:27:07.844Z" },
]

[[package]]
name = "colorama"
version = "0.4.6"
source = { registry = "https://pypi.org/simple" }
sdist = { url = "https://files.pythonhosted.org/packages/d8/53/6f443c9a4a8358a93a6792e2acffb9d9d5cb0a5cfd8802644b7b1c9a02e4/colorama-0.4.6.tar.gz", hash = "sha256:08695f5cb7ed6e0531a20572697297273c47b8cae5a63ffc6d6ed5c201be6e44", size = 27697, upload-time = "2022-10-25T02:36:22.414Z" }
wheels = [
    { url = "https://files.pythonhosted.org/packages/d1/d6/3965ed04c63042e047cb6a3e6ed1a63a35087b6a609aa3a15ed8ac56c221/colorama-0.4.6-py2.py3-none-any.whl", hash = "sha256:4f1d9991f5acc0ca119f9d443620b77f9d6b33703e51011c16baf57afb285fc6", size = 25335, upload-time = "2022-10-25T02:36:20.889Z" },
]

[[package]]
name = "coverage"
version = "7.14.1"
source = { registry = "https://pypi.org/simple" }
sdist = { url = "https://files.pythonhosted.org/packages/54/fd/0ab2772530e946e1be1abd0bc09e647ec9b02e88f0867857601fefca8953/coverage-7.14.1.tar.gz", hash = "sha256:30c08f7d90415aa98b3c990385dea2939b0da55f38515e5b369b83655f8523be", size = 920132, upload-time = "2026-05-26T20:41:36.783Z" }
wheels = [
    { url = "https://files.pythonhosted.org/packages/d6/34/fc2f101b151af3799a101f0550b0454aa008afdc0add677394ec4aa8ea10/coverage-7.14.1-cp314-cp314-macosx_10_15_x86_64.whl", hash = "sha256:d5ed429d0b8edaac649e889b4ffcedb6c80b06629a3f93050e3dddfb99235bee", size = 220091, upload-time = "2026-05-26T20:40:27.249Z" },
    { url = "https://files.pythonhosted.org/packages/3d/a7/1ebae2ab5b961b5c79bb09fe7b3ac99edb190d8be4a8c510b2cf66f46468/coverage-7.14.1-cp314-cp314-macosx_11_0_arm64.whl", hash = "sha256:8011224a62280e50dab346960c03cf47aca1a1e09e608c0fb33fd6e0cc8e9500", size = 220421, upload-time = "2026-05-26T20:40:30.084Z" },
    { url = "https://files.pythonhosted.org/packages/5e/90/92aca9cf0acc95123c96cd1eb1f08917897a7f5dee01e15738922971ec31/coverage-7.14.1-cp314-cp314-manylinux1_i686.manylinux_2_28_i686.manylinux_2_5_i686.whl", hash = "sha256:12c42ec1e14f553c4f817e989365982e646e27211f10a0f717855b94a79c8906", size = 251466, upload-time = "2026-05-26T20:40:32.542Z" },
    { url = "https://files.pythonhosted.org/packages/26/2b/78048cbe3b999f6cbf9cc0d90abba6a88a3e0863a8c1c6cbc762f3f8802f/coverage-7.14.1-cp314-cp314-manylinux1_x86_64.manylinux_2_28_x86_64.manylinux_2_5_x86_64.whl", hash = "sha256:06144cd511cf2624873a035c5069cf297144f6e77a73ee3d7a55b605ec5efb42", size = 253973, upload-time = "2026-05-26T20:40:34.473Z" },
    { url = "https://files.pythonhosted.org/packages/8e/21/c2e33b29d1cfde484a19d437afc343c6cd30b08d78cbbf9f5aff14e57b2b/coverage-7.14.1-cp314-cp314-manylinux2014_aarch64.manylinux_2_17_aarch64.manylinux_2_28_aarch64.whl", hash = "sha256:a311d8e1da24be5c1ccf85cbfb06315dbaa1703d5a1eab3f6432c72b837917c8", size = 255318, upload-time = "2026-05-26T20:40:38.154Z" },
    { url = "https://files.pythonhosted.org/packages/8e/ee/aad2f108d63b769121005302f16bf66db8625c88ceaba466942e09a2607e/coverage-7.14.1-cp314-cp314-manylinux2014_ppc64le.manylinux_2_17_ppc64le.manylinux_2_28_ppc64le.whl", hash = "sha256:c79cead5b5bc584d9c71451cb984d0e3a84e0c0937379c8efcbf27c8d661b851", size = 257633, upload-time = "2026-05-26T20:40:40.164Z" },
    { url = "https://files.pythonhosted.org/packages/c2/f8/11a2c29b4fd76d9849f81d0bb812ec0017a9396df3217214e38934a8c837/coverage-7.14.1-cp314-cp314-manylinux_2_31_riscv64.manylinux_2_39_riscv64.whl", hash = "sha256:dcbf65f1f66a26cdd88c35cf68fb4729c5d1cd2e88added72420541dfb212034", size = 251488, upload-time = "2026-05-26T20:40:42.631Z" },
    { url = "https://files.pythonhosted.org/packages/c9/b8/9a5820de4b8ac2b71d85e3b5fb49108d7469c665f0e2ad0dd7569023e305/coverage-7.14.1-cp314-cp314-musllinux_1_2_aarch64.whl", hash = "sha256:fd86572566fb40189a8260446158235159bc7a82dfbc87a3b39cf4fb57fcec1c", size = 253329, upload-time = "2026-05-26T20:40:45.208Z" },
    { url = "https://files.pythonhosted.org/packages/6b/ff/f33e4823667e27548e8fd8df44217515303f9808d0ff29817db56f87d990/coverage-7.14.1-cp314-cp314-musllinux_1_2_i686.whl", hash = "sha256:7771b601718fdde84832c3a434ca9bbf4ae9adbc49d84198b4110700c3c77c36", size = 251291, upload-time = "2026-05-26T20:40:47.502Z" },
    { url = "https://files.pythonhosted.org/packages/68/9b/489db0ebb209054766b90a9014a45f6d26eb724c02ec21311c3733b5a644/coverage-7.14.1-cp314-cp314-musllinux_1_2_ppc64le.whl", hash = "sha256:39b21e212c55af06fa375e3dbf90a8a8e38792f3a910c580066d23563830ddd5", size = 255564, upload-time = "2026-05-26T20:40:49.372Z" },
    { url = "https://files.pythonhosted.org/packages/27/b5/16bc2d4c2409b23c7737edb68c83bc89e345f378050549fe1d75ac7d34d5/coverage-7.14.1-cp314-cp314-musllinux_1_2_riscv64.whl", hash = "sha256:f2302660e32562a532b442480121aef8aa61a5bdb20b30bf0adab29f10a5a4b4", size = 251107, upload-time = "2026-05-26T20:40:51.677Z" },
    { url = "https://files.pythonhosted.org/packages/7d/0c/2629997469a00cd069d588a41c9dc887610f2775ae89d250c4791e65272a/coverage-7.14.1-cp314-cp314-musllinux_1_2_x86_64.whl", hash = "sha256:03a6f93c1ec3b7f2e77b5dbcc5573a2c21f12529a5c6bbe0f16f72303cc2fa4d", size = 252764, upload-time = "2026-05-26T20:40:54.267Z" },
    { url = "https://files.pythonhosted.org/packages/d2/ee/f78d63c8f079e0d7211c7e2401fa17e311514534ba61bae03e4b287ce4ab/coverage-7.14.1-cp314-cp314-win32.whl", hash = "sha256:8a3ce026d73290f42f08dafecbd82c193a74df280461fbf97300fec51fd133ee", size = 222837, upload-time = "2026-05-26T20:40:56.496Z" },
    { url = "https://files.pythonhosted.org/packages/dc/b9/be539854f93a70dfbeec69117f33ec70dc42ff0b65b5b07ab8d40d04228e/coverage-7.14.1-cp314-cp314-win_amd64.whl", hash = "sha256:114c95ef29302423b87d159075805f4ab973254a2638a5d7d046c94887cc87d7", size = 223650, upload-time = "2026-05-26T20:40:58.351Z" },
    { url = "https://files.pythonhosted.org/packages/fe/9e/24e2842fef40f35ac82ba3a7719c8023d011bf3bf652d0675316a9d088a1/coverage-7.14.1-cp314-cp314-win_arm64.whl", hash = "sha256:a07891c3f4805442b31b71e84ba3cf29ed1aa9a428284e06deeb4b23e5b46343", size = 222218, upload-time = "2026-05-26T20:41:00.321Z" },
    { url = "https://files.pythonhosted.org/packages/0a/1d/ac0a9df5fe31c1e8bdd658074905fc12844a05c1a7e3fdb8417e97c31e23/coverage-7.14.1-cp314-cp314t-macosx_10_15_x86_64.whl", hash = "sha256:1101a5ebb083aecb625ebb6209d4105b58f647b093cb2dc8122d7b33f743cfe1", size = 220822, upload-time = "2026-05-26T20:41:02.281Z" },
    { url = "https://files.pythonhosted.org/packages/32/cf/f964fd9aff20323f9f1a726c97135f8a76bcd87b92dad141a456a43f3c64/coverage-7.14.1-cp314-cp314t-macosx_11_0_arm64.whl", hash = "sha256:851b9e1e4e8a4608e77c79714b2e77c0970d2ed7202a05e92ae407817481887b", size = 221084, upload-time = "2026-05-26T20:41:04.593Z" },
    { url = "https://files.pythonhosted.org/packages/d8/5e/7e5ef2aba844de2b80d678619fcf0841b42e3f37f16411226f3fe4c1016f/coverage-7.14.1-cp314-cp314t-manylinux1_i686.manylinux_2_28_i686.manylinux_2_5_i686.whl", hash = "sha256:d5b89cdfb2ee051b71e8c3c70bd81a9eff81100f736a269136fe1a68efe00474", size = 262454, upload-time = "2026-05-26T20:41:06.641Z" },
    { url = "https://files.pythonhosted.org/packages/64/62/75809bded87015cc4935524218a2a8ed8dd1a8498bfed30a2f4f7a4b4d34/coverage-7.14.1-cp314-cp314t-manylinux1_x86_64.manylinux_2_28_x86_64.manylinux_2_5_x86_64.whl", hash = "sha256:0177614a0370f227888b4e436a7c55686d6a9f90eb1ade2b624ba685a1686e86", size = 264578, upload-time = "2026-05-26T20:41:08.556Z" },
    { url = "https://files.pythonhosted.org/packages/f3/42/d33392dc14633525012d2d504fa1a33b05538bf535f5c1d64675e5754b78/coverage-7.14.1-cp314-cp314t-manylinux2014_aarch64.manylinux_2_17_aarch64.manylinux_2_28_aarch64.whl", hash = "sha256:2d69af5dea2de76fc485a83032a630523f985198b7e25be901ec60181587b01e", size = 266981, upload-time = "2026-05-26T20:41:10.824Z" },
    { url = "https://files.pythonhosted.org/packages/2a/49/0157c4428c2aca7f1e09d5565930586fd5ae36f1655f08b0daa7cf1fcae1/coverage-7.14.1-cp314-cp314t-manylinux2014_ppc64le.manylinux_2_17_ppc64le.manylinux_2_28_ppc64le.whl", hash = "sha256:35ab22d91de736e8966b980dc355cbcdd2c6dbbcfe275f9a2991bc8a91b3df65", size = 268112, upload-time = "2026-05-26T20:41:12.966Z" },
    { url = "https://files.pythonhosted.org/packages/96/26/86b9ce71f4092b1ed325ce1421698081df1286b833400b6836912834d6e0/coverage-7.14.1-cp314-cp314t-manylinux_2_31_riscv64.manylinux_2_39_riscv64.whl", hash = "sha256:357d4e32935c36588aaba057d734fa32428c360c9fc2e4442afbf1b646beee6e", size = 261558, upload-time = "2026-05-26T20:41:15Z" },
    { url = "https://files.pythonhosted.org/packages/20/4c/c311210c5472cf5401d8422b0d7812cdd520f24417673afabda6c323faca/coverage-7.14.1-cp314-cp314t-musllinux_1_2_aarch64.whl", hash = "sha256:51bd64741cc6fa065abd300ede1afe5a5291ece9c31da8b24884deda48bcc3f8", size = 264447, upload-time = "2026-05-26T20:41:17.369Z" },
    { url = "https://files.pythonhosted.org/packages/fb/71/59513f8710ed3e6b0ac0a050a5b7e977bb9c9e880354863b5d00d8809256/coverage-7.14.1-cp314-cp314t-musllinux_1_2_i686.whl", hash = "sha256:9132cd363a68a4c3daa7c8704a654b1e39d3360f6f5b8ddd470608a945236c07", size = 262048, upload-time = "2026-05-26T20:41:19.309Z" },
    { url = "https://files.pythonhosted.org/packages/84/8d/bceed32dc494f5bbf50f775cd2e78ca814953942b5ea28d3c1c3ac316f14/coverage-7.14.1-cp314-cp314t-musllinux_1_2_ppc64le.whl", hash = "sha256:07c6290b1697b862c0478eab545eec949a0d0e4d6d03497f446d706da3b4f2de", size = 265781, upload-time = "2026-05-26T20:41:21.559Z" },
    { url = "https://files.pythonhosted.org/packages/e7/c5/9348fe40dbfd4991aaf78df2c6c3098bfb2cc834d1fd362a64b4efef855a/coverage-7.14.1-cp314-cp314t-musllinux_1_2_riscv64.whl", hash = "sha256:5ea0c297e27133853b4d8a3eb799bff5a2dbd9f2f41537a240d337ac9b4df890", size = 260896, upload-time = "2026-05-26T20:41:23.428Z" },
    { url = "https://files.pythonhosted.org/packages/ca/92/1ea0f03929da7cf87206b1fa24f4c8e9c158be0455481af29ec0a1f3503f/coverage-7.14.1-cp314-cp314t-musllinux_1_2_x86_64.whl", hash = "sha256:01b7733daad0237daa01ef80fe2dfceffc911e6a17fa7b55d14aa8214eaaaecd", size = 263214, upload-time = "2026-05-26T20:41:25.419Z" },
    { url = "https://files.pythonhosted.org/packages/f6/a9/b2493c054c0e01a643266742ab45e15744e60743f9260cd930c7142b1124/coverage-7.14.1-cp314-cp314t-win32.whl", hash = "sha256:6adc5a36984624a70bf11d7184e20fa0a49aa7c47ffab43804106a1a695ea22e", size = 223624, upload-time = "2026-05-26T20:41:27.795Z" },
    { url = "https://files.pythonhosted.org/packages/fc/bd/3e1e6a57fccd2d7c83fcdf338e93ba98eb85c6e877dd34731ac585375490/coverage-7.14.1-cp314-cp314t-win_amd64.whl", hash = "sha256:ddf799247318f34dbcd2efa8c95a8d0642674e926bb1774cf9b63dfd2a389d1c", size = 224728, upload-time = "2026-05-26T20:41:30.098Z" },
    { url = "https://files.pythonhosted.org/packages/bb/d7/31066cf1d2f0c6c797fce911bcfa01dd35642dc6da992a950256097c5860/coverage-7.14.1-cp314-cp314t-win_arm64.whl", hash = "sha256:145986fe66647eb489f18d9a997567a3fd358584c4b5a808769113abc07466af", size = 222752, upload-time = "2026-05-26T20:41:32.123Z" },
    { url = "https://files.pythonhosted.org/packages/8a/3c/1a983b9a745d7f83d53f057bcc5bf79ba6a2bbc08266b3f0c7d6fe630c9b/coverage-7.14.1-py3-none-any.whl", hash = "sha256:a252f21c27e38347e60111a3266b03827422a7d5525951aceee313aa68bab1d2", size = 211815, upload-time = "2026-05-26T20:41:34.078Z" },
]

[[package]]
name = "mypy"
version = "1.18.2"
source = { registry = "https://pypi.org/simple" }
dependencies = [
    { name = "mypy-extensions" },
    { name = "pathspec" },
    { name = "typing-extensions" },
]
sdist = { url = "https://files.pythonhosted.org/packages/c0/77/8f0d0001ffad290cef2f7f216f96c814866248a0b92a722365ed54648e7e/mypy-1.18.2.tar.gz", hash = "sha256:06a398102a5f203d7477b2923dda3634c36727fa5c237d8f859ef90c42a9924b", size = 3448846, upload-time = "2025-09-19T00:11:10.519Z" }
wheels = [
    { url = "https://files.pythonhosted.org/packages/5a/0c/7d5300883da16f0063ae53996358758b2a2df2a09c72a5061fa79a1f5006/mypy-1.18.2-cp314-cp314-macosx_10_13_x86_64.whl", hash = "sha256:62f0e1e988ad41c2a110edde6c398383a889d95b36b3e60bcf155f5164c4fdce", size = 12893775, upload-time = "2025-09-19T00:10:03.814Z" },
    { url = "https://files.pythonhosted.org/packages/50/df/2cffbf25737bdb236f60c973edf62e3e7b4ee1c25b6878629e88e2cde967/mypy-1.18.2-cp314-cp314-macosx_11_0_arm64.whl", hash = "sha256:8795a039bab805ff0c1dfdb8cd3344642c2b99b8e439d057aba30850b8d3423d", size = 11936852, upload-time = "2025-09-19T00:10:51.631Z" },
    { url = "https://files.pythonhosted.org/packages/be/50/34059de13dd269227fb4a03be1faee6e2a4b04a2051c82ac0a0b5a773c9a/mypy-1.18.2-cp314-cp314-manylinux2014_aarch64.manylinux_2_17_aarch64.manylinux_2_28_aarch64.whl", hash = "sha256:6ca1e64b24a700ab5ce10133f7ccd956a04715463d30498e64ea8715236f9c9c", size = 12480242, upload-time = "2025-09-19T00:11:07.955Z" },
    { url = "https://files.pythonhosted.org/packages/5b/11/040983fad5132d85914c874a2836252bbc57832065548885b5bb5b0d4359/mypy-1.18.2-cp314-cp314-manylinux2014_x86_64.manylinux_2_17_x86_64.manylinux_2_28_x86_64.whl", hash = "sha256:d924eef3795cc89fecf6bedc6ed32b33ac13e8321344f6ddbf8ee89f706c05cb", size = 13326683, upload-time = "2025-09-19T00:09:55.572Z" },
    { url = "https://files.pythonhosted.org/packages/e9/ba/89b2901dd77414dd7a8c8729985832a5735053be15b744c18e4586e506ef/mypy-1.18.2-cp314-cp314-musllinux_1_2_x86_64.whl", hash = "sha256:20c02215a080e3a2be3aa50506c67242df1c151eaba0dcbc1e4e557922a26075", size = 13514749, upload-time = "2025-09-19T00:10:44.827Z" },
    { url = "https://files.pythonhosted.org/packages/25/bc/cc98767cffd6b2928ba680f3e5bc969c4152bf7c2d83f92f5a504b92b0eb/mypy-1.18.2-cp314-cp314-win_amd64.whl", hash = "sha256:749b5f83198f1ca64345603118a6f01a4e99ad4bf9d103ddc5a3200cc4614adf", size = 9982959, upload-time = "2025-09-19T00:10:37.344Z" },
    { url = "https://files.pythonhosted.org/packages/87/e3/be76d87158ebafa0309946c4a73831974d4d6ab4f4ef40c3b53a385a66fd/mypy-1.18.2-py3-none-any.whl", hash = "sha256:22a1748707dd62b58d2ae53562ffc4d7f8bcc727e8ac7cbc69c053ddc874d47e", size = 2352367, upload-time = "2025-09-19T00:10:15.489Z" },
]

[[package]]
name = "mypy-extensions"
version = "1.1.0"
source = { registry = "https://pypi.org/simple" }
sdist = { url = "https://files.pythonhosted.org/packages/a2/6e/371856a3fb9d31ca8dac321cda606860fa4548858c0cc45d9d1d4ca2628b/mypy_extensions-1.1.0.tar.gz", hash = "sha256:52e68efc3284861e772bbcd66823fde5ae21fd2fdb51c62a211403730b916558", size = 6343, upload-time = "2025-04-22T14:54:24.164Z" }
wheels = [
    { url = "https://files.pythonhosted.org/packages/79/7b/2c79738432f5c924bef5071f933bcc9efd0473bac3b4aa584a6f7c1c8df8/mypy_extensions-1.1.0-py3-none-any.whl", hash = "sha256:1be4cccdb0f2482337c4743e60421de3a356cd97508abadd57d47403e94f5505", size = 4963, upload-time = "2025-04-22T14:54:22.983Z" },
]

[[package]]
name = "packaging"
version = "26.2"
source = { registry = "https://pypi.org/simple" }
sdist = { url = "https://files.pythonhosted.org/packages/d7/f1/e7a6dd94a8d4a5626c03e4e99c87f241ba9e350cd9e6d75123f992427270/packaging-26.2.tar.gz", hash = "sha256:ff452ff5a3e828ce110190feff1178bb1f2ea2281fa2075aadb987c2fb221661", size = 228134, upload-time = "2026-04-24T20:15:23.917Z" }
wheels = [
    { url = "https://files.pythonhosted.org/packages/df/b2/87e62e8c3e2f4b32e5fe99e0b86d576da1312593b39f47d8ceef365e95ed/packaging-26.2-py3-none-any.whl", hash = "sha256:5fc45236b9446107ff2415ce77c807cee2862cb6fac22b8a73826d0693b0980e", size = 100195, upload-time = "2026-04-24T20:15:22.081Z" },
]

[[package]]
name = "pathspec"
version = "1.1.1"
source = { registry = "https://pypi.org/simple" }
sdist = { url = "https://files.pythonhosted.org/packages/5a/82/42f767fc1c1143d6fd36efb827202a2d997a375e160a71eb2888a925aac1/pathspec-1.1.1.tar.gz", hash = "sha256:17db5ecd524104a120e173814c90367a96a98d07c45b2e10c2f3919fff91bf5a", size = 135180, upload-time = "2026-04-27T01:46:08.907Z" }
wheels = [
    { url = "https://files.pythonhosted.org/packages/f1/d9/7fb5aa316bc299258e68c73ba3bddbc499654a07f151cba08f6153988714/pathspec-1.1.1-py3-none-any.whl", hash = "sha256:a00ce642f577bf7f473932318056212bc4f8bfdf53128c78bbd5af0b9b20b189", size = 57328, upload-time = "2026-04-27T01:46:07.06Z" },
]

[[package]]
name = "pyproject-hooks"
version = "1.2.0"
source = { registry = "https://pypi.org/simple" }
sdist = { url = "https://files.pythonhosted.org/packages/e7/82/28175b2414effca1cdac8dc99f76d660e7a4fb0ceefa4b4ab8f5f6742925/pyproject_hooks-1.2.0.tar.gz", hash = "sha256:1e859bd5c40fae9448642dd871adf459e5e2084186e8d2c2a79a824c970da1f8", size = 19228, upload-time = "2024-09-29T09:24:13.293Z" }
wheels = [
    { url = "https://files.pythonhosted.org/packages/bd/24/12818598c362d7f300f18e74db45963dbcb85150324092410c8b49405e42/pyproject_hooks-1.2.0-py3-none-any.whl", hash = "sha256:9e5c6bfa8dcc30091c74b0cf803c81fdd29d94f01992a7707bc97babb1141913", size = 10216, upload-time = "2024-09-29T09:24:11.978Z" },
]

[[package]]
name = "pyyaml"
version = "6.0.3"
source = { registry = "https://pypi.org/simple" }
sdist = { url = "https://files.pythonhosted.org/packages/05/8e/961c0007c59b8dd7729d542c61a4d537767a59645b82a0b521206e1e25c2/pyyaml-6.0.3.tar.gz", hash = "sha256:d76623373421df22fb4cf8817020cbb7ef15c725b9d5e45f17e189bfc384190f", size = 130960, upload-time = "2025-09-25T21:33:16.546Z" }
wheels = [
    { url = "https://files.pythonhosted.org/packages/9d/8c/f4bd7f6465179953d3ac9bc44ac1a8a3e6122cf8ada906b4f96c60172d43/pyyaml-6.0.3-cp314-cp314-macosx_10_13_x86_64.whl", hash = "sha256:8d1fab6bb153a416f9aeb4b8763bc0f22a5586065f86f7664fc23339fc1c1fac", size = 181814, upload-time = "2025-09-25T21:32:35.712Z" },
    { url = "https://files.pythonhosted.org/packages/bd/9c/4d95bb87eb2063d20db7b60faa3840c1b18025517ae857371c4dd55a6b3a/pyyaml-6.0.3-cp314-cp314-macosx_11_0_arm64.whl", hash = "sha256:34d5fcd24b8445fadc33f9cf348c1047101756fd760b4dacb5c3e99755703310", size = 173809, upload-time = "2025-09-25T21:32:36.789Z" },
    { url = "https://files.pythonhosted.org/packages/92/b5/47e807c2623074914e29dabd16cbbdd4bf5e9b2db9f8090fa64411fc5382/pyyaml-6.0.3-cp314-cp314-manylinux2014_aarch64.manylinux_2_17_aarch64.manylinux_2_28_aarch64.whl", hash = "sha256:501a031947e3a9025ed4405a168e6ef5ae3126c59f90ce0cd6f2bfc477be31b7", size = 766454, upload-time = "2025-09-25T21:32:37.966Z" },
    { url = "https://files.pythonhosted.org/packages/02/9e/e5e9b168be58564121efb3de6859c452fccde0ab093d8438905899a3a483/pyyaml-6.0.3-cp314-cp314-manylinux2014_s390x.manylinux_2_17_s390x.manylinux_2_28_s390x.whl", hash = "sha256:b3bc83488de33889877a0f2543ade9f70c67d66d9ebb4ac959502e12de895788", size = 836355, upload-time = "2025-09-25T21:32:39.178Z" },
    { url = "https://files.pythonhosted.org/packages/88/f9/16491d7ed2a919954993e48aa941b200f38040928474c9e85ea9e64222c3/pyyaml-6.0.3-cp314-cp314-manylinux2014_x86_64.manylinux_2_17_x86_64.manylinux_2_28_x86_64.whl", hash = "sha256:c458b6d084f9b935061bc36216e8a69a7e293a2f1e68bf956dcd9e6cbcd143f5", size = 794175, upload-time = "2025-09-25T21:32:40.865Z" },
    { url = "https://files.pythonhosted.org/packages/dd/3f/5989debef34dc6397317802b527dbbafb2b4760878a53d4166579111411e/pyyaml-6.0.3-cp314-cp314-musllinux_1_2_aarch64.whl", hash = "sha256:7c6610def4f163542a622a73fb39f534f8c101d690126992300bf3207eab9764", size = 755228, upload-time = "2025-09-25T21:32:42.084Z" },
    { url = "https://files.pythonhosted.org/packages/d7/ce/af88a49043cd2e265be63d083fc75b27b6ed062f5f9fd6cdc223ad62f03e/pyyaml-6.0.3-cp314-cp314-musllinux_1_2_x86_64.whl", hash = "sha256:5190d403f121660ce8d1d2c1bb2ef1bd05b5f68533fc5c2ea899bd15f4399b35", size = 789194, upload-time = "2025-09-25T21:32:43.362Z" },
    { url = "https://files.pythonhosted.org/packages/23/20/bb6982b26a40bb43951265ba29d4c246ef0ff59c9fdcdf0ed04e0687de4d/pyyaml-6.0.3-cp314-cp314-win_amd64.whl", hash = "sha256:4a2e8cebe2ff6ab7d1050ecd59c25d4c8bd7e6f400f5f82b96557ac0abafd0ac", size = 156429, upload-time = "2025-09-25T21:32:57.844Z" },
    { url = "https://files.pythonhosted.org/packages/f4/f4/a4541072bb9422c8a883ab55255f918fa378ecf083f5b85e87fc2b4eda1b/pyyaml-6.0.3-cp314-cp314-win_arm64.whl", hash = "sha256:93dda82c9c22deb0a405ea4dc5f2d0cda384168e466364dec6255b293923b2f3", size = 143912, upload-time = "2025-09-25T21:32:59.247Z" },
    { url = "https://files.pythonhosted.org/packages/7c/f9/07dd09ae774e4616edf6cda684ee78f97777bdd15847253637a6f052a62f/pyyaml-6.0.3-cp314-cp314t-macosx_10_13_x86_64.whl", hash = "sha256:02893d100e99e03eda1c8fd5c441d8c60103fd175728e23e431db1b589cf5ab3", size = 189108, upload-time = "2025-09-25T21:32:44.377Z" },
    { url = "https://files.pythonhosted.org/packages/4e/78/8d08c9fb7ce09ad8c38ad533c1191cf27f7ae1effe5bb9400a46d9437fcf/pyyaml-6.0.3-cp314-cp314t-macosx_11_0_arm64.whl", hash = "sha256:c1ff362665ae507275af2853520967820d9124984e0f7466736aea23d8611fba", size = 183641, upload-time = "2025-09-25T21:32:45.407Z" },
    { url = "https://files.pythonhosted.org/packages/7b/5b/3babb19104a46945cf816d047db2788bcaf8c94527a805610b0289a01c6b/pyyaml-6.0.3-cp314-cp314t-manylinux2014_aarch64.manylinux_2_17_aarch64.manylinux_2_28_aarch64.whl", hash = "sha256:6adc77889b628398debc7b65c073bcb99c4a0237b248cacaf3fe8a557563ef6c", size = 831901, upload-time = "2025-09-25T21:32:48.83Z" },
    { url = "https://files.pythonhosted.org/packages/8b/cc/dff0684d8dc44da4d22a13f35f073d558c268780ce3c6ba1b87055bb0b87/pyyaml-6.0.3-cp314-cp314t-manylinux2014_s390x.manylinux_2_17_s390x.manylinux_2_28_s390x.whl", hash = "sha256:a80cb027f6b349846a3bf6d73b5e95e782175e52f22108cfa17876aaeff93702", size = 861132, upload-time = "2025-09-25T21:32:50.149Z" },
    { url = "https://files.pythonhosted.org/packages/b1/5e/f77dc6b9036943e285ba76b49e118d9ea929885becb0a29ba8a7c75e29fe/pyyaml-6.0.3-cp314-cp314t-manylinux2014_x86_64.manylinux_2_17_x86_64.manylinux_2_28_x86_64.whl", hash = "sha256:00c4bdeba853cc34e7dd471f16b4114f4162dc03e6b7afcc2128711f0eca823c", size = 839261, upload-time = "2025-09-25T21:32:51.808Z" },
    { url = "https://files.pythonhosted.org/packages/ce/88/a9db1376aa2a228197c58b37302f284b5617f56a5d959fd1763fb1675ce6/pyyaml-6.0.3-cp314-cp314t-musllinux_1_2_aarch64.whl", hash = "sha256:66e1674c3ef6f541c35191caae2d429b967b99e02040f5ba928632d9a7f0f065", size = 805272, upload-time = "2025-09-25T21:32:52.941Z" },
    { url = "https://files.pythonhosted.org/packages/da/92/1446574745d74df0c92e6aa4a7b0b3130706a4142b2d1a5869f2eaa423c6/pyyaml-6.0.3-cp314-cp314t-musllinux_1_2_x86_64.whl", hash = "sha256:16249ee61e95f858e83976573de0f5b2893b3677ba71c9dd36b9cf8be9ac6d65", size = 829923, upload-time = "2025-09-25T21:32:54.537Z" },
    { url = "https://files.pythonhosted.org/packages/f0/7a/1c7270340330e575b92f397352af856a8c06f230aa3e76f86b39d01b416a/pyyaml-6.0.3-cp314-cp314t-win_amd64.whl", hash = "sha256:4ad1906908f2f5ae4e5a8ddfce73c320c2a1429ec52eafd27138b7f1cbe341c9", size = 174062, upload-time = "2025-09-25T21:32:55.767Z" },
    { url = "https://files.pythonhosted.org/packages/f1/12/de94a39c2ef588c7e6455cfbe7343d3b2dc9d6b6b2f40c4c6565744c873d/pyyaml-6.0.3-cp314-cp314t-win_arm64.whl", hash = "sha256:ebc55a14a21cb14062aa4162f906cd962b28e2e9ea38f9b4391244cd8de4ae0b", size = 149341, upload-time = "2025-09-25T21:32:56.828Z" },
]

[[package]]
name = "repo-template-py"
version = "0.1.0"
source = { editable = "." }

[package.dev-dependencies]
dev = [
    { name = "build" },
    { name = "coverage" },
    { name = "mypy" },
    { name = "yamllint" },
    { name = "zizmor" },
]

[package.metadata]

[package.metadata.requires-dev]
dev = [
    { name = "build", specifier = "==1.3.0" },
    { name = "coverage", specifier = "==7.14.1" },
    { name = "mypy", specifier = "==1.18.2" },
    { name = "yamllint", specifier = "==1.38.0" },
    { name = "zizmor", specifier = "==1.25.2" },
]

[[package]]
name = "typing-extensions"
version = "4.15.0"
source = { registry = "https://pypi.org/simple" }
sdist = { url = "https://files.pythonhosted.org/packages/72/94/1a15dd82efb362ac84269196e94cf00f187f7ed21c242792a923cdb1c61f/typing_extensions-4.15.0.tar.gz", hash = "sha256:0cea48d173cc12fa28ecabc3b837ea3cf6f38c6d1136f85cbaaf598984861466", size = 109391, upload-time = "2025-08-25T13:49:26.313Z" }
wheels = [
    { url = "https://files.pythonhosted.org/packages/18/67/36e9267722cc04a6b9f15c7f3441c2363321a3ea07da7ae0c0707beb2a9c/typing_extensions-4.15.0-py3-none-any.whl", hash = "sha256:f0fa19c6845758ab08074a0cfa8b7aecb71c999ca73d62883bc25cc018c4e548", size = 44614, upload-time = "2025-08-25T13:49:24.86Z" },
]

[[package]]
name = "yamllint"
version = "1.38.0"
source = { registry = "https://pypi.org/simple" }
dependencies = [
    { name = "pathspec" },
    { name = "pyyaml" },
]
sdist = { url = "https://files.pythonhosted.org/packages/28/a0/8fc2d68e132cf918f18273fdc8a1b8432b60d75ac12fdae4b0ef5c9d2e8d/yamllint-1.38.0.tar.gz", hash = "sha256:09e5f29531daab93366bb061e76019d5e91691ef0a40328f04c927387d1d364d", size = 142446, upload-time = "2026-01-13T07:47:53.276Z" }
wheels = [
    { url = "https://files.pythonhosted.org/packages/05/92/aed08e68de6e6a3d7c2328ce7388072cd6affc26e2917197430b646aed02/yamllint-1.38.0-py3-none-any.whl", hash = "sha256:fc394a5b3be980a4062607b8fdddc0843f4fa394152b6da21722f5d59013c220", size = 68940, upload-time = "2026-01-13T07:47:51.343Z" },
]

[[package]]
name = "zizmor"
version = "1.25.2"
source = { registry = "https://pypi.org/simple" }
sdist = { url = "https://files.pythonhosted.org/packages/b3/41/8987d546e3101cc76748b2f1b0ccda58e244773ef5124d39e7e749e3d6e4/zizmor-1.25.2.tar.gz", hash = "sha256:f26ffeb16659c8922c7b08203ca5a4f8bf5e1a7e8d190734961c40877cf778ea", size = 517794, upload-time = "2026-05-16T06:28:43.816Z" }
wheels = [
    { url = "https://files.pythonhosted.org/packages/dc/bd/84108a92ccbfda0d28efc11f382997c7a767b58863bf4a550634b8cf0211/zizmor-1.25.2-py3-none-macosx_10_12_x86_64.whl", hash = "sha256:17cc8cfd9d472e8b11945a869c198d25cfdf4a33f36fa7a1f9674099f5fb509d", size = 9115548, upload-time = "2026-05-16T06:28:33.591Z" },
    { url = "https://files.pythonhosted.org/packages/c2/c0/66453a2553a66286a96ca32d75e3e6bcc94ce7f907cd5f8c2c3fce55315e/zizmor-1.25.2-py3-none-macosx_11_0_arm64.whl", hash = "sha256:d3e301eb4465e2da77857cf01ab4ef0184cf3818e826800b270ab01ae7338977", size = 8665071, upload-time = "2026-05-16T06:28:30.861Z" },
    { url = "https://files.pythonhosted.org/packages/52/3e/d60939d1cc4907c0d021a7c46362aab5e8045550bb09157d56c070e43568/zizmor-1.25.2-py3-none-manylinux_2_24_aarch64.whl", hash = "sha256:cf64374149b567c9373228b76c8e77a389b4071899f84b82c36ee50fab894e79", size = 8842884, upload-time = "2026-05-16T06:28:26.041Z" },
    { url = "https://files.pythonhosted.org/packages/46/82/f3e8d9b6d941194f2558591b449c106d46a16ea566b95eccff3a83bf6acc/zizmor-1.25.2-py3-none-manylinux_2_28_armv7l.whl", hash = "sha256:0beba1601be08bd00c9277e6ed4b026e125b26b379d86d6d98eb708409b3050d", size = 8449741, upload-time = "2026-05-16T06:28:45.424Z" },
    { url = "https://files.pythonhosted.org/packages/4b/13/445bc98acc2c976d6b8f8ca59b9c09f055adb5ffb3445d99af8ff7efcb4f/zizmor-1.25.2-py3-none-manylinux_2_28_x86_64.whl", hash = "sha256:c4246f1344d8dbeffc044d7bb11b131773a7db7eb57d9073c45942dfd3543a1f", size = 9285184, upload-time = "2026-05-16T06:28:39.21Z" },
    { url = "https://files.pythonhosted.org/packages/cf/78/fc7717c706bde7531b2fde12003994fbc04c47ab4f91aa6ca9b3b24b30fd/zizmor-1.25.2-py3-none-musllinux_1_2_aarch64.whl", hash = "sha256:dbb1b5c85b8de8eaa0227c6620f06c8e4fbd0a4da2086e218bc225c0bef0923d", size = 8886579, upload-time = "2026-05-16T06:28:51.384Z" },
    { url = "https://files.pythonhosted.org/packages/ca/bc/a46f11377cdc145c625d62d88c30fead56f9d29bc31652069a1a0eaed6c2/zizmor-1.25.2-py3-none-musllinux_1_2_armv7l.whl", hash = "sha256:d670a1e2f00b3cd56febd145bc1a0b2c4caf1cbe5dad8128721843fa877e2d2e", size = 8413576, upload-time = "2026-05-16T06:28:36.376Z" },
    { url = "https://files.pythonhosted.org/packages/2b/3b/0fd93b77171c8f229e8e1304eecc9931bf3009f722c57967d545d9f151b6/zizmor-1.25.2-py3-none-musllinux_1_2_x86_64.whl", hash = "sha256:b75c84d7387389f95edadbe859fb2aaf0a360c5b080932cc53e92ae1db6f09ef", size = 9378162, upload-time = "2026-05-16T06:28:41.999Z" },
    { url = "https://files.pythonhosted.org/packages/b5/3f/dcb85fb9a0d87794847f9043f9db9bb4d274cf4b8077604bc13850c8fdb4/zizmor-1.25.2-py3-none-win32.whl", hash = "sha256:aa9f4c43b499c55339c3ef2e885133c5017cd9a18d76d9335541203cfa5ae1e7", size = 7548509, upload-time = "2026-05-16T06:28:28.828Z" },
    { url = "https://files.pythonhosted.org/packages/d2/81/1cb088098bd53f9b910098b0c19d06dc587acf328a170ef8afd1cd93b482/zizmor-1.25.2-py3-none-win_amd64.whl", hash = "sha256:af55bd9bd119ea8cbce2a7addc3922503019de32c1fe31106d70b3dc77d77908", size = 8609822, upload-time = "2026-05-16T06:28:48.078Z" },
]
